
Microsoft Visual Studio Solution File, Format Version 12.00
# Visual Studio 14
VisualStudioVersion = 14.0.25420.1
MinimumVisualStudioVersion = 10.0.40219.1
Project("{FAE04EC0-301F-11D3-BF4B-00C04F79EFBC}") = "AutofacPrism", "AutofacPrism\AutofacPrism\AutofacPrism.csproj", "{94D19B1F-1939-4B4E-ACFE-8D9B3ACAE032}"
EndProject
Project("{FAE04EC0-301F-11D3-BF4B-00C04F79EFBC}") = "AutofacPrism.Droid", "AutofacPrism\AutofacPrism.Droid\AutofacPrism.Droid.csproj", "{858EC823-6419-4372-BF42-664E3E76657D}"
EndProject
Project("{FAE04EC0-301F-11D3-BF4B-00C04F79EFBC}") = "AutofacPrism.iOS", "AutofacPrism\AutofacPrism.iOS\AutofacPrism.iOS.csproj", "{A0147F7B-0F78-41A6-AF8F-27B33537BBE5}"
EndProject
Global
	GlobalSection(SolutionConfigurationPlatforms) = preSolution
		Ad-Hoc|Any CPU = Ad-Hoc|Any CPU
		Ad-Hoc|ARM = Ad-Hoc|ARM
		Ad-Hoc|iPhone = Ad-Hoc|iPhone
		Ad-Hoc|iPhoneSimulator = Ad-Hoc|iPhoneSimulator
		Ad-Hoc|x64 = Ad-Hoc|x64
		Ad-Hoc|x86 = Ad-Hoc|x86
		AppStore|Any CPU = AppStore|Any CPU
		AppStore|ARM = AppStore|ARM
		AppStore|iPhone = AppStore|iPhone
		AppStore|iPhoneSimulator = AppStore|iPhoneSimulator
		AppStore|x64 = AppStore|x64
		AppStore|x86 = AppStore|x86
		Debug|Any CPU = Debug|Any CPU
		Debug|ARM = Debug|ARM
		Debug|iPhone = Debug|iPhone
		Debug|iPhoneSimulator = Debug|iPhoneSimulator
		Debug|x64 = Debug|x64
		Debug|x86 = Debug|x86
		Release|Any CPU = Release|Any CPU
		Release|ARM = Release|ARM
		Release|iPhone = Release|iPhone
		Release|iPhoneSimulator = Release|iPhoneSimulator
		Release|x64 = Release|x64
		Release|x86 = Release|x86
	EndGlobalSection
	GlobalSection(ProjectConfigurationPlatforms) = postSolution
		{94D19B1F-1939-4B4E-ACFE-8D9B3ACAE032}.Ad-Hoc|Any CPU.ActiveCfg = Release|Any CPU
		{94D19B1F-1939-4B4E-ACFE-8D9B3ACAE032}.Ad-Hoc|Any CPU.Build.0 = Release|Any CPU
		{94D19B1F-1939-4B4E-ACFE-8D9B3ACAE032}.Ad-Hoc|ARM.ActiveCfg = Release|Any CPU
		{94D19B1F-1939-4B4E-ACFE-8D9B3ACAE032}.Ad-Hoc|ARM.Build.0 = Release|Any CPU
		{94D19B1F-1939-4B4E-ACFE-8D9B3ACAE032}.Ad-Hoc|iPhone.ActiveCfg = Release|Any CPU
		{94D19B1F-1939-4B4E-ACFE-8D9B3ACAE032}.Ad-Hoc|iPhone.Build.0 = Release|Any CPU
		{94D19B1F-1939-4B4E-ACFE-8D9B3ACAE032}.Ad-Hoc|iPhoneSimulator.ActiveCfg = Release|Any CPU
		{94D19B1F-1939-4B4E-ACFE-8D9B3ACAE032}.Ad-Hoc|iPhoneSimulator.Build.0 = Release|Any CPU
		{94D19B1F-1939-4B4E-ACFE-8D9B3ACAE032}.Ad-Hoc|x64.ActiveCfg = Release|Any CPU
		{94D19B1F-1939-4B4E-ACFE-8D9B3ACAE032}.Ad-Hoc|x64.Build.0 = Release|Any CPU
		{94D19B1F-1939-4B4E-ACFE-8D9B3ACAE032}.Ad-Hoc|x86.ActiveCfg = Release|Any CPU
		{94D19B1F-1939-4B4E-ACFE-8D9B3ACAE032}.Ad-Hoc|x86.Build.0 = Release|Any CPU
		{94D19B1F-1939-4B4E-ACFE-8D9B3ACAE032}.AppStore|Any CPU.ActiveCfg = Release|Any CPU
		{94D19B1F-1939-4B4E-ACFE-8D9B3ACAE032}.AppStore|Any CPU.Build.0 = Release|Any CPU
		{94D19B1F-1939-4B4E-ACFE-8D9B3ACAE032}.AppStore|ARM.ActiveCfg = Release|Any CPU
		{94D19B1F-1939-4B4E-ACFE-8D9B3ACAE032}.AppStore|ARM.Build.0 = Release|Any CPU
		{94D19B1F-1939-4B4E-ACFE-8D9B3ACAE032}.AppStore|iPhone.ActiveCfg = Release|Any CPU
		{94D19B1F-1939-4B4E-ACFE-8D9B3ACAE032}.AppStore|iPhone.Build.0 = Release|Any CPU
		{94D19B1F-1939-4B4E-ACFE-8D9B3ACAE032}.AppStore|iPhoneSimulator.ActiveCfg = Release|Any CPU
		{94D19B1F-1939-4B4E-ACFE-8D9B3ACAE032}.AppStore|iPhoneSimulator.Build.0 = Release|Any CPU
		{94D19B1F-1939-4B4E-ACFE-8D9B3ACAE032}.AppStore|x64.ActiveCfg = Release|Any CPU
		{94D19B1F-1939-4B4E-ACFE-8D9B3ACAE032}.AppStore|x64.Build.0 = Release|Any CPU
		{94D19B1F-1939-4B4E-ACFE-8D9B3ACAE032}.AppStore|x86.ActiveCfg = Release|Any CPU
		{94D19B1F-1939-4B4E-ACFE-8D9B3ACAE032}.AppStore|x86.Build.0 = Release|Any CPU
		{94D19B1F-1939-4B4E-ACFE-8D9B3ACAE032}.Debug|Any CPU.ActiveCfg = Debug|Any CPU
		{94D19B1F-1939-4B4E-ACFE-8D9B3ACAE032}.Debug|Any CPU.Build.0 = Debug|Any CPU
		{94D19B1F-1939-4B4E-ACFE-8D9B3ACAE032}.Debug|ARM.ActiveCfg = Debug|Any CPU
		{94D19B1F-1939-4B4E-ACFE-8D9B3ACAE032}.Debug|ARM.Build.0 = Debug|Any CPU
		{94D19B1F-1939-4B4E-ACFE-8D9B3ACAE032}.Debug|iPhone.ActiveCfg = Debug|Any CPU
		{94D19B1F-1939-4B4E-ACFE-8D9B3ACAE032}.Debug|iPhone.Build.0 = Debug|Any CPU
		{94D19B1F-1939-4B4E-ACFE-8D9B3ACAE032}.Debug|iPhoneSimulator.ActiveCfg = Debug|Any CPU
		{94D19B1F-1939-4B4E-ACFE-8D9B3ACAE032}.Debug|iPhoneSimulator.Build.0 = Debug|Any CPU
		{94D19B1F-1939-4B4E-ACFE-8D9B3ACAE032}.Debug|x64.ActiveCfg = Debug|Any CPU
		{94D19B1F-1939-4B4E-ACFE-8D9B3ACAE032}.Debug|x64.Build.0 = Debug|Any CPU
		{94D19B1F-1939-4B4E-ACFE-8D9B3ACAE032}.Debug|x86.ActiveCfg = Debug|Any CPU
		{94D19B1F-1939-4B4E-ACFE-8D9B3ACAE032}.Debug|x86.Build.0 = Debug|Any CPU
		{94D19B1F-1939-4B4E-ACFE-8D9B3ACAE032}.Release|Any CPU.ActiveCfg = Release|Any CPU
		{94D19B1F-1939-4B4E-ACFE-8D9B3ACAE032}.Release|Any CPU.Build.0 = Release|Any CPU
		{94D19B1F-1939-4B4E-ACFE-8D9B3ACAE032}.Release|ARM.ActiveCfg = Release|Any CPU
		{94D19B1F-1939-4B4E-ACFE-8D9B3ACAE032}.Release|ARM.Build.0 = Release|Any CPU
		{94D19B1F-1939-4B4E-ACFE-8D9B3ACAE032}.Release|iPhone.ActiveCfg = Release|Any CPU
		{94D19B1F-1939-4B4E-ACFE-8D9B3ACAE032}.Release|iPhone.Build.0 = Release|Any CPU
		{94D19B1F-1939-4B4E-ACFE-8D9B3ACAE032}.Release|iPhoneSimulator.ActiveCfg = Release|Any CPU
		{94D19B1F-1939-4B4E-ACFE-8D9B3ACAE032}.Release|iPhoneSimulator.Build.0 = Release|Any CPU
		{94D19B1F-1939-4B4E-ACFE-8D9B3ACAE032}.Release|x64.ActiveCfg = Release|Any CPU
		{94D19B1F-1939-4B4E-ACFE-8D9B3ACAE032}.Release|x64.Build.0 = Release|Any CPU
		{94D19B1F-1939-4B4E-ACFE-8D9B3ACAE032}.Release|x86.ActiveCfg = Release|Any CPU
		{94D19B1F-1939-4B4E-ACFE-8D9B3ACAE032}.Release|x86.Build.0 = Release|Any CPU
		{858EC823-6419-4372-BF42-664E3E76657D}.Ad-Hoc|Any CPU.ActiveCfg = Release|Any CPU
		{858EC823-6419-4372-BF42-664E3E76657D}.Ad-Hoc|Any CPU.Build.0 = Release|Any CPU
		{858EC823-6419-4372-BF42-664E3E76657D}.Ad-Hoc|Any CPU.Deploy.0 = Release|Any CPU
		{858EC823-6419-4372-BF42-664E3E76657D}.Ad-Hoc|ARM.ActiveCfg = Release|Any CPU
		{858EC823-6419-4372-BF42-664E3E76657D}.Ad-Hoc|ARM.Build.0 = Release|Any CPU
		{858EC823-6419-4372-BF42-664E3E76657D}.Ad-Hoc|ARM.Deploy.0 = Release|Any CPU
		{858EC823-6419-4372-BF42-664E3E76657D}.Ad-Hoc|iPhone.ActiveCfg = Release|Any CPU
		{858EC823-6419-4372-BF42-664E3E76657D}.Ad-Hoc|iPhone.Build.0 = Release|Any CPU
		{858EC823-6419-4372-BF42-664E3E76657D}.Ad-Hoc|iPhone.Deploy.0 = Release|Any CPU
		{858EC823-6419-4372-BF42-664E3E76657D}.Ad-Hoc|iPhoneSimulator.ActiveCfg = Release|Any CPU
		{858EC823-6419-4372-BF42-664E3E76657D}.Ad-Hoc|iPhoneSimulator.Build.0 = Release|Any CPU
		{858EC823-6419-4372-BF42-664E3E76657D}.Ad-Hoc|iPhoneSimulator.Deploy.0 = Release|Any CPU
		{858EC823-6419-4372-BF42-664E3E76657D}.Ad-Hoc|x64.ActiveCfg = Release|Any CPU
		{858EC823-6419-4372-BF42-664E3E76657D}.Ad-Hoc|x64.Build.0 = Release|Any CPU
		{858EC823-6419-4372-BF42-664E3E76657D}.Ad-Hoc|x64.Deploy.0 = Release|Any CPU
		{858EC823-6419-4372-BF42-664E3E76657D}.Ad-Hoc|x86.ActiveCfg = Release|Any CPU
		{858EC823-6419-4372-BF42-664E3E76657D}.Ad-Hoc|x86.Build.0 = Release|Any CPU
		{858EC823-6419-4372-BF42-664E3E76657D}.Ad-Hoc|x86.Deploy.0 = Release|Any CPU
		{858EC823-6419-4372-BF42-664E3E76657D}.AppStore|Any CPU.ActiveCfg = Release|Any CPU
		{858EC823-6419-4372-BF42-664E3E76657D}.AppStore|Any CPU.Build.0 = Release|Any CPU
		{858EC823-6419-4372-BF42-664E3E76657D}.AppStore|Any CPU.Deploy.0 = Release|Any CPU
		{858EC823-6419-4372-BF42-664E3E76657D}.AppStore|ARM.ActiveCfg = Release|Any CPU
		{858EC823-6419-4372-BF42-664E3E76657D}.AppStore|ARM.Build.0 = Release|Any CPU
		{858EC823-6419-4372-BF42-664E3E76657D}.AppStore|ARM.Deploy.0 = Release|Any CPU
		{858EC823-6419-4372-BF42-664E3E76657D}.AppStore|iPhone.ActiveCfg = Release|Any CPU
		{858EC823-6419-4372-BF42-664E3E76657D}.AppStore|iPhone.Build.0 = Release|Any CPU
		{858EC823-6419-4372-BF42-664E3E76657D}.AppStore|iPhone.Deploy.0 = Release|Any CPU
		{858EC823-6419-4372-BF42-664E3E76657D}.AppStore|iPhoneSimulator.ActiveCfg = Release|Any CPU
		{858EC823-6419-4372-BF42-664E3E76657D}.AppStore|iPhoneSimulator.Build.0 = Release|Any CPU
		{858EC823-6419-4372-BF42-664E3E76657D}.AppStore|iPhoneSimulator.Deploy.0 = Release|Any CPU
		{858EC823-6419-4372-BF42-664E3E76657D}.AppStore|x64.ActiveCfg = Release|Any CPU
		{858EC823-6419-4372-BF42-664E3E76657D}.AppStore|x64.Build.0 = Release|Any CPU
		{858EC823-6419-4372-BF42-664E3E76657D}.AppStore|x64.Deploy.0 = Release|Any CPU
		{858EC823-6419-4372-BF42-664E3E76657D}.AppStore|x86.ActiveCfg = Release|Any CPU
		{858EC823-6419-4372-BF42-664E3E76657D}.AppStore|x86.Build.0 = Release|Any CPU
		{858EC823-6419-4372-BF42-664E3E76657D}.AppStore|x86.Deploy.0 = Release|Any CPU
		{858EC823-6419-4372-BF42-664E3E76657D}.Debug|Any CPU.ActiveCfg = Debug|Any CPU
		{858EC823-6419-4372-BF42-664E3E76657D}.Debug|Any CPU.Build.0 = Debug|Any CPU
		{858EC823-6419-4372-BF42-664E3E76657D}.Debug|Any CPU.Deploy.0 = Debug|Any CPU
		{858EC823-6419-4372-BF42-664E3E76657D}.Debug|ARM.ActiveCfg = Debug|Any CPU
		{858EC823-6419-4372-BF42-664E3E76657D}.Debug|ARM.Build.0 = Debug|Any CPU
		{858EC823-6419-4372-BF42-664E3E76657D}.Debug|ARM.Deploy.0 = Debug|Any CPU
		{858EC823-6419-4372-BF42-664E3E76657D}.Debug|iPhone.ActiveCfg = Debug|Any CPU
		{858EC823-6419-4372-BF42-664E3E76657D}.Debug|iPhone.Build.0 = Debug|Any CPU
		{858EC823-6419-4372-BF42-664E3E76657D}.Debug|iPhone.Deploy.0 = Debug|Any CPU
		{858EC823-6419-4372-BF42-664E3E76657D}.Debug|iPhoneSimulator.ActiveCfg = Debug|Any CPU
		{858EC823-6419-4372-BF42-664E3E76657D}.Debug|iPhoneSimulator.Build.0 = Debug|Any CPU
		{858EC823-6419-4372-BF42-664E3E76657D}.Debug|iPhoneSimulator.Deploy.0 = Debug|Any CPU
		{858EC823-6419-4372-BF42-664E3E76657D}.Debug|x64.ActiveCfg = Debug|Any CPU
		{858EC823-6419-4372-BF42-664E3E76657D}.Debug|x64.Build.0 = Debug|Any CPU
		{858EC823-6419-4372-BF42-664E3E76657D}.Debug|x64.Deploy.0 = Debug|Any CPU
		{858EC823-6419-4372-BF42-664E3E76657D}.Debug|x86.ActiveCfg = Debug|Any CPU
		{858EC823-6419-4372-BF42-664E3E76657D}.Debug|x86.Build.0 = Debug|Any CPU
		{858EC823-6419-4372-BF42-664E3E76657D}.Debug|x86.Deploy.0 = Debug|Any CPU
		{858EC823-6419-4372-BF42-664E3E76657D}.Release|Any CPU.ActiveCfg = Release|Any CPU
		{858EC823-6419-4372-BF42-664E3E76657D}.Release|Any CPU.Build.0 = Release|Any CPU
		{858EC823-6419-4372-BF42-664E3E76657D}.Release|Any CPU.Deploy.0 = Release|Any CPU
		{858EC823-6419-4372-BF42-664E3E76657D}.Release|ARM.ActiveCfg = Release|Any CPU
		{858EC823-6419-4372-BF42-664E3E76657D}.Release|ARM.Build.0 = Release|Any CPU
		{858EC823-6419-4372-BF42-664E3E76657D}.Release|ARM.Deploy.0 = Release|Any CPU
		{858EC823-6419-4372-BF42-664E3E76657D}.Release|iPhone.ActiveCfg = Release|Any CPU
		{858EC823-6419-4372-BF42-664E3E76657D}.Release|iPhone.Build.0 = Release|Any CPU
		{858EC823-6419-4372-BF42-664E3E76657D}.Release|iPhone.Deploy.0 = Release|Any CPU
		{858EC823-6419-4372-BF42-664E3E76657D}.Release|iPhoneSimulator.ActiveCfg = Release|Any CPU
		{858EC823-6419-4372-BF42-664E3E76657D}.Release|iPhoneSimulator.Build.0 = Release|Any CPU
		{858EC823-6419-4372-BF42-664E3E76657D}.Release|iPhoneSimulator.Deploy.0 = Release|Any CPU
		{858EC823-6419-4372-BF42-664E3E76657D}.Release|x64.ActiveCfg = Release|Any CPU
		{858EC823-6419-4372-BF42-664E3E76657D}.Release|x64.Build.0 = Release|Any CPU
		{858EC823-6419-4372-BF42-664E3E76657D}.Release|x64.Deploy.0 = Release|Any CPU
		{858EC823-6419-4372-BF42-664E3E76657D}.Release|x86.ActiveCfg = Release|Any CPU
		{858EC823-6419-4372-BF42-664E3E76657D}.Release|x86.Build.0 = Release|Any CPU
		{858EC823-6419-4372-BF42-664E3E76657D}.Release|x86.Deploy.0 = Release|Any CPU
		{A0147F7B-0F78-41A6-AF8F-27B33537BBE5}.Ad-Hoc|Any CPU.ActiveCfg = Ad-Hoc|iPhone
		{A0147F7B-0F78-41A6-AF8F-27B33537BBE5}.Ad-Hoc|ARM.ActiveCfg = Ad-Hoc|iPhone
		{A0147F7B-0F78-41A6-AF8F-27B33537BBE5}.Ad-Hoc|iPhone.ActiveCfg = Ad-Hoc|iPhone
		{A0147F7B-0F78-41A6-AF8F-27B33537BBE5}.Ad-Hoc|iPhone.Build.0 = Ad-Hoc|iPhone
		{A0147F7B-0F78-41A6-AF8F-27B33537BBE5}.Ad-Hoc|iPhoneSimulator.ActiveCfg = Ad-Hoc|iPhoneSimulator
		{A0147F7B-0F78-41A6-AF8F-27B33537BBE5}.Ad-Hoc|iPhoneSimulator.Build.0 = Ad-Hoc|iPhoneSimulator
		{A0147F7B-0F78-41A6-AF8F-27B33537BBE5}.Ad-Hoc|x64.ActiveCfg = Ad-Hoc|iPhone
		{A0147F7B-0F78-41A6-AF8F-27B33537BBE5}.Ad-Hoc|x86.ActiveCfg = Ad-Hoc|iPhone
		{A0147F7B-0F78-41A6-AF8F-27B33537BBE5}.AppStore|Any CPU.ActiveCfg = AppStore|iPhone
		{A0147F7B-0F78-41A6-AF8F-27B33537BBE5}.AppStore|ARM.ActiveCfg = AppStore|iPhone
		{A0147F7B-0F78-41A6-AF8F-27B33537BBE5}.AppStore|iPhone.ActiveCfg = AppStore|iPhone
		{A0147F7B-0F78-41A6-AF8F-27B33537BBE5}.AppStore|iPhone.Build.0 = AppStore|iPhone
		{A0147F7B-0F78-41A6-AF8F-27B33537BBE5}.AppStore|iPhoneSimulator.ActiveCfg = AppStore|iPhoneSimulator
		{A0147F7B-0F78-41A6-AF8F-27B33537BBE5}.AppStore|iPhoneSimulator.Build.0 = AppStore|iPhoneSimulator
		{A0147F7B-0F78-41A6-AF8F-27B33537BBE5}.AppStore|x64.ActiveCfg = AppStore|iPhone
		{A0147F7B-0F78-41A6-AF8F-27B33537BBE5}.AppStore|x86.ActiveCfg = AppStore|iPhone
		{A0147F7B-0F78-41A6-AF8F-27B33537BBE5}.Debug|Any CPU.ActiveCfg = Debug|iPhone
		{A0147F7B-0F78-41A6-AF8F-27B33537BBE5}.Debug|ARM.ActiveCfg = Debug|iPhone
		{A0147F7B-0F78-41A6-AF8F-27B33537BBE5}.Debug|iPhone.ActiveCfg = Debug|iPhone
		{A0147F7B-0F78-41A6-AF8F-27B33537BBE5}.Debug|iPhone.Build.0 = Debug|iPhone
		{A0147F7B-0F78-41A6-AF8F-27B33537BBE5}.Debug|iPhoneSimulator.ActiveCfg = Debug|iPhoneSimulator
		{A0147F7B-0F78-41A6-AF8F-27B33537BBE5}.Debug|iPhoneSimulator.Build.0 = Debug|iPhoneSimulator
		{A0147F7B-0F78-41A6-AF8F-27B33537BBE5}.Debug|x64.ActiveCfg = Debug|iPhone
		{A0147F7B-0F78-41A6-AF8F-27B33537BBE5}.Debug|x86.ActiveCfg = Debug|iPhone
		{A0147F7B-0F78-41A6-AF8F-27B33537BBE5}.Release|Any CPU.ActiveCfg = Release|iPhone
		{A0147F7B-0F78-41A6-AF8F-27B33537BBE5}.Release|ARM.ActiveCfg = Release|iPhone
		{A0147F7B-0F78-41A6-AF8F-27B33537BBE5}.Release|iPhone.ActiveCfg = Release|iPhone
		{A0147F7B-0F78-41A6-AF8F-27B33537BBE5}.Release|iPhone.Build.0 = Release|iPhone
		{A0147F7B-0F78-41A6-AF8F-27B33537BBE5}.Release|iPhoneSimulator.ActiveCfg = Release|iPhoneSimulator
		{A0147F7B-0F78-41A6-AF8F-27B33537BBE5}.Release|iPhoneSimulator.Build.0 = Release|iPhoneSimulator
		{A0147F7B-0F78-41A6-AF8F-27B33537BBE5}.Release|x64.ActiveCfg = Release|iPhone
		{A0147F7B-0F78-41A6-AF8F-27B33537BBE5}.Release|x86.ActiveCfg = Release|iPhone
	EndGlobalSection
	GlobalSection(SolutionProperties) = preSolution
		HideSolutionNode = FALSE
	EndGlobalSection
EndGlobal
